// !$*UTF8*$!
{
	archiveVersion = 1;
	classes = {
	};
	objectVersion = 50;
	objects = {

/* Begin PBXBuildFile section */
		0496582521BEFC7C00CD0146 /* AppDelegate.swift in Sources */ = {isa = PBXBuildFile; fileRef = 0496582421BEFC7C00CD0146 /* AppDelegate.swift */; };
		0496582721BEFC7C00CD0146 /* ViewController.swift in Sources */ = {isa = PBXBuildFile; fileRef = 0496582621BEFC7C00CD0146 /* ViewController.swift */; };
		0496582A21BEFC7C00CD0146 /* Main.storyboard in Resources */ = {isa = PBXBuildFile; fileRef = 0496582821BEFC7C00CD0146 /* Main.storyboard */; };
		0496582C21BEFC7D00CD0146 /* Assets.xcassets in Resources */ = {isa = PBXBuildFile; fileRef = 0496582B21BEFC7D00CD0146 /* Assets.xcassets */; };
		0496582F21BEFC7D00CD0146 /* LaunchScreen.storyboard in Resources */ = {isa = PBXBuildFile; fileRef = 0496582D21BEFC7D00CD0146 /* LaunchScreen.storyboard */; };
		0496583A21BEFC7D00CD0146 /* PocketMoviesTests.swift in Sources */ = {isa = PBXBuildFile; fileRef = 0496583921BEFC7D00CD0146 /* PocketMoviesTests.swift */; };
		22E5EE89DED039962AA0D61A /* Pods_PocketMoviesTests.framework in Frameworks */ = {isa = PBXBuildFile; fileRef = 13B0DF8B192FA90B4783874B /* Pods_PocketMoviesTests.framework */; };
		7D602238400C04D1CE4B6C1D /* Pods_PocketMovies.framework in Frameworks */ = {isa = PBXBuildFile; fileRef = 8D38194BE0B4D96370596E93 /* Pods_PocketMovies.framework */; };
/* End PBXBuildFile section */

/* Begin PBXContainerItemProxy section */
		0496583621BEFC7D00CD0146 /* PBXContainerItemProxy */ = {
			isa = PBXContainerItemProxy;
			containerPortal = 0496581921BEFC7C00CD0146 /* Project object */;
			proxyType = 1;
			remoteGlobalIDString = 0496582021BEFC7C00CD0146;
			remoteInfo = PocketMovies;
		};
/* End PBXContainerItemProxy section */

/* Begin PBXFileReference section */
		0496582121BEFC7C00CD0146 /* PocketMovies.app */ = {isa = PBXFileReference; explicitFileType = wrapper.application; includeInIndex = 0; path = PocketMovies.app; sourceTree = BUILT_PRODUCTS_DIR; };
		0496582421BEFC7C00CD0146 /* AppDelegate.swift */ = {isa = PBXFileReference; lastKnownFileType = sourcecode.swift; path = AppDelegate.swift; sourceTree = "<group>"; };
		0496582621BEFC7C00CD0146 /* ViewController.swift */ = {isa = PBXFileReference; lastKnownFileType = sourcecode.swift; path = ViewController.swift; sourceTree = "<group>"; };
		0496582921BEFC7C00CD0146 /* Base */ = {isa = PBXFileReference; lastKnownFileType = file.storyboard; name = Base; path = Base.lproj/Main.storyboard; sourceTree = "<group>"; };
		0496582B21BEFC7D00CD0146 /* Assets.xcassets */ = {isa = PBXFileReference; lastKnownFileType = folder.assetcatalog; path = Assets.xcassets; sourceTree = "<group>"; };
		0496582E21BEFC7D00CD0146 /* Base */ = {isa = PBXFileReference; lastKnownFileType = file.storyboard; name = Base; path = Base.lproj/LaunchScreen.storyboard; sourceTree = "<group>"; };
		0496583021BEFC7D00CD0146 /* Info.plist */ = {isa = PBXFileReference; lastKnownFileType = text.plist.xml; path = Info.plist; sourceTree = "<group>"; };
		0496583521BEFC7D00CD0146 /* PocketMoviesTests.xctest */ = {isa = PBXFileReference; explicitFileType = wrapper.cfbundle; includeInIndex = 0; path = PocketMoviesTests.xctest; sourceTree = BUILT_PRODUCTS_DIR; };
		0496583921BEFC7D00CD0146 /* PocketMoviesTests.swift */ = {isa = PBXFileReference; lastKnownFileType = sourcecode.swift; path = PocketMoviesTests.swift; sourceTree = "<group>"; };
		0496583B21BEFC7D00CD0146 /* Info.plist */ = {isa = PBXFileReference; lastKnownFileType = text.plist.xml; path = Info.plist; sourceTree = "<group>"; };
		13B0DF8B192FA90B4783874B /* Pods_PocketMoviesTests.framework */ = {isa = PBXFileReference; explicitFileType = wrapper.framework; includeInIndex = 0; path = Pods_PocketMoviesTests.framework; sourceTree = BUILT_PRODUCTS_DIR; };
		7586715EEF7DEFD76E1C4B36 /* Pods-PocketMoviesTests.debug.xcconfig */ = {isa = PBXFileReference; includeInIndex = 1; lastKnownFileType = text.xcconfig; name = "Pods-PocketMoviesTests.debug.xcconfig"; path = "Pods/Target Support Files/Pods-PocketMoviesTests/Pods-PocketMoviesTests.debug.xcconfig"; sourceTree = "<group>"; };
		8D38194BE0B4D96370596E93 /* Pods_PocketMovies.framework */ = {isa = PBXFileReference; explicitFileType = wrapper.framework; includeInIndex = 0; path = Pods_PocketMovies.framework; sourceTree = BUILT_PRODUCTS_DIR; };
		9059EB9D79B7F5B042638D62 /* Pods-PocketMovies.debug.xcconfig */ = {isa = PBXFileReference; includeInIndex = 1; lastKnownFileType = text.xcconfig; name = "Pods-PocketMovies.debug.xcconfig"; path = "Pods/Target Support Files/Pods-PocketMovies/Pods-PocketMovies.debug.xcconfig"; sourceTree = "<group>"; };
		AC8BF887CEDA38A25A000473 /* Pods-PocketMovies.release.xcconfig */ = {isa = PBXFileReference; includeInIndex = 1; lastKnownFileType = text.xcconfig; name = "Pods-PocketMovies.release.xcconfig"; path = "Pods/Target Support Files/Pods-PocketMovies/Pods-PocketMovies.release.xcconfig"; sourceTree = "<group>"; };
		F8FF86A6C7516DC75D3F626F /* Pods-PocketMoviesTests.release.xcconfig */ = {isa = PBXFileReference; includeInIndex = 1; lastKnownFileType = text.xcconfig; name = "Pods-PocketMoviesTests.release.xcconfig"; path = "Pods/Target Support Files/Pods-PocketMoviesTests/Pods-PocketMoviesTests.release.xcconfig"; sourceTree = "<group>"; };
/* End PBXFileReference section */

/* Begin PBXFrameworksBuildPhase section */
		0496581E21BEFC7C00CD0146 /* Frameworks */ = {
			isa = PBXFrameworksBuildPhase;
			buildActionMask = 2147483647;
			files = (
				7D602238400C04D1CE4B6C1D /* Pods_PocketMovies.framework in Frameworks */,
			);
			runOnlyForDeploymentPostprocessing = 0;
		};
		0496583221BEFC7D00CD0146 /* Frameworks */ = {
			isa = PBXFrameworksBuildPhase;
			buildActionMask = 2147483647;
			files = (
				22E5EE89DED039962AA0D61A /* Pods_PocketMoviesTests.framework in Frameworks */,
			);
			runOnlyForDeploymentPostprocessing = 0;
		};
/* End PBXFrameworksBuildPhase section */

/* Begin PBXGroup section */
		0496581821BEFC7C00CD0146 = {
			isa = PBXGroup;
			children = (
				0496582321BEFC7C00CD0146 /* PocketMovies */,
				0496583821BEFC7D00CD0146 /* PocketMoviesTests */,
				0496582221BEFC7C00CD0146 /* Products */,
				948712C0F3745727213D866E /* Pods */,
				42095E80F1401B9FCF55D697 /* Frameworks */,
			);
			sourceTree = "<group>";
		};
		0496582221BEFC7C00CD0146 /* Products */ = {
			isa = PBXGroup;
			children = (
				0496582121BEFC7C00CD0146 /* PocketMovies.app */,
				0496583521BEFC7D00CD0146 /* PocketMoviesTests.xctest */,
			);
			name = Products;
			sourceTree = "<group>";
		};
		0496582321BEFC7C00CD0146 /* PocketMovies */ = {
			isa = PBXGroup;
			children = (
				0496582421BEFC7C00CD0146 /* AppDelegate.swift */,
				0496582621BEFC7C00CD0146 /* ViewController.swift */,
				0496582821BEFC7C00CD0146 /* Main.storyboard */,
				0496582B21BEFC7D00CD0146 /* Assets.xcassets */,
				0496582D21BEFC7D00CD0146 /* LaunchScreen.storyboard */,
				0496583021BEFC7D00CD0146 /* Info.plist */,
			);
			path = PocketMovies;
			sourceTree = "<group>";
		};
		0496583821BEFC7D00CD0146 /* PocketMoviesTests */ = {
			isa = PBXGroup;
			children = (
				0496583921BEFC7D00CD0146 /* PocketMoviesTests.swift */,
				0496583B21BEFC7D00CD0146 /* Info.plist */,
			);
			path = PocketMoviesTests;
			sourceTree = "<group>";
		};
		42095E80F1401B9FCF55D697 /* Frameworks */ = {
			isa = PBXGroup;
			children = (
				8D38194BE0B4D96370596E93 /* Pods_PocketMovies.framework */,
				13B0DF8B192FA90B4783874B /* Pods_PocketMoviesTests.framework */,
			);
			name = Frameworks;
			sourceTree = "<group>";
		};
		948712C0F3745727213D866E /* Pods */ = {
			isa = PBXGroup;
			children = (
				9059EB9D79B7F5B042638D62 /* Pods-PocketMovies.debug.xcconfig */,
				AC8BF887CEDA38A25A000473 /* Pods-PocketMovies.release.xcconfig */,
				7586715EEF7DEFD76E1C4B36 /* Pods-PocketMoviesTests.debug.xcconfig */,
				F8FF86A6C7516DC75D3F626F /* Pods-PocketMoviesTests.release.xcconfig */,
			);
			name = Pods;
			sourceTree = "<group>";
		};
/* End PBXGroup section */

/* Begin PBXNativeTarget section */
		0496582021BEFC7C00CD0146 /* PocketMovies */ = {
			isa = PBXNativeTarget;
			buildConfigurationList = 0496583E21BEFC7D00CD0146 /* Build configuration list for PBXNativeTarget "PocketMovies" */;
			buildPhases = (
				3A55F719291C3B3A703B0772 /* [CP] Check Pods Manifest.lock */,
				0496581D21BEFC7C00CD0146 /* Sources */,
				0496581E21BEFC7C00CD0146 /* Frameworks */,
				0496581F21BEFC7C00CD0146 /* Resources */,
				2D209C262D6CE8599E388F2A /* [CP] Embed Pods Frameworks */,
				1813FFD2BB0DCFA5DE06B220 /* [CP] Copy Pods Resources */,
			);
			buildRules = (
			);
			dependencies = (
			);
			name = PocketMovies;
			productName = PocketMovies;
			productReference = 0496582121BEFC7C00CD0146 /* PocketMovies.app */;
			productType = "com.apple.product-type.application";
		};
		0496583421BEFC7D00CD0146 /* PocketMoviesTests */ = {
			isa = PBXNativeTarget;
			buildConfigurationList = 0496584121BEFC7D00CD0146 /* Build configuration list for PBXNativeTarget "PocketMoviesTests" */;
			buildPhases = (
				5461C1CBE55AED8BB211933D /* [CP] Check Pods Manifest.lock */,
				0496583121BEFC7D00CD0146 /* Sources */,
				0496583221BEFC7D00CD0146 /* Frameworks */,
				0496583321BEFC7D00CD0146 /* Resources */,
				97DBA18A08819E947437DC53 /* [CP] Embed Pods Frameworks */,
				AD222D27F3F4AF6905B98FE6 /* [CP] Copy Pods Resources */,
			);
			buildRules = (
			);
			dependencies = (
				0496583721BEFC7D00CD0146 /* PBXTargetDependency */,
			);
			name = PocketMoviesTests;
			productName = PocketMoviesTests;
			productReference = 0496583521BEFC7D00CD0146 /* PocketMoviesTests.xctest */;
			productType = "com.apple.product-type.bundle.unit-test";
		};
/* End PBXNativeTarget section */

/* Begin PBXProject section */
		0496581921BEFC7C00CD0146 /* Project object */ = {
			isa = PBXProject;
			attributes = {
				LastSwiftUpdateCheck = 1010;
				LastUpgradeCheck = 1010;
				ORGANIZATIONNAME = Gabe;
				TargetAttributes = {
					0496582021BEFC7C00CD0146 = {
						CreatedOnToolsVersion = 10.1;
					};
					0496583421BEFC7D00CD0146 = {
						CreatedOnToolsVersion = 10.1;
						TestTargetID = 0496582021BEFC7C00CD0146;
					};
				};
			};
			buildConfigurationList = 0496581C21BEFC7C00CD0146 /* Build configuration list for PBXProject "PocketMovies" */;
			compatibilityVersion = "Xcode 9.3";
			developmentRegion = en;
			hasScannedForEncodings = 0;
			knownRegions = (
				en,
				Base,
			);
			mainGroup = 0496581821BEFC7C00CD0146;
			productRefGroup = 0496582221BEFC7C00CD0146 /* Products */;
			projectDirPath = "";
			projectRoot = "";
			targets = (
				0496582021BEFC7C00CD0146 /* PocketMovies */,
				0496583421BEFC7D00CD0146 /* PocketMoviesTests */,
			);
		};
/* End PBXProject section */

/* Begin PBXResourcesBuildPhase section */
		0496581F21BEFC7C00CD0146 /* Resources */ = {
			isa = PBXResourcesBuildPhase;
			buildActionMask = 2147483647;
			files = (
				0496582F21BEFC7D00CD0146 /* LaunchScreen.storyboard in Resources */,
				0496582C21BEFC7D00CD0146 /* Assets.xcassets in Resources */,
				0496582A21BEFC7C00CD0146 /* Main.storyboard in Resources */,
			);
			runOnlyForDeploymentPostprocessing = 0;
		};
		0496583321BEFC7D00CD0146 /* Resources */ = {
			isa = PBXResourcesBuildPhase;
			buildActionMask = 2147483647;
			files = (
			);
			runOnlyForDeploymentPostprocessing = 0;
		};
/* End PBXResourcesBuildPhase section */

/* Begin PBXShellScriptBuildPhase section */
		1813FFD2BB0DCFA5DE06B220 /* [CP] Copy Pods Resources */ = {
			isa = PBXShellScriptBuildPhase;
			buildActionMask = 2147483647;
			files = (
			);
			inputPaths = (
			);
			name = "[CP] Copy Pods Resources";
			outputPaths = (
			);
			runOnlyForDeploymentPostprocessing = 0;
			shellPath = /bin/sh;
			shellScript = "\"${SRCROOT}/Pods/Target Support Files/Pods-PocketMovies/Pods-PocketMovies-resources.sh\"\n";
			showEnvVarsInLog = 0;
		};
		2D209C262D6CE8599E388F2A /* [CP] Embed Pods Frameworks */ = {
			isa = PBXShellScriptBuildPhase;
			buildActionMask = 2147483647;
			files = (
			);
			inputPaths = (
			);
			name = "[CP] Embed Pods Frameworks";
			outputPaths = (
			);
			runOnlyForDeploymentPostprocessing = 0;
			shellPath = /bin/sh;
			shellScript = "\"${SRCROOT}/Pods/Target Support Files/Pods-PocketMovies/Pods-PocketMovies-frameworks.sh\"\n";
			showEnvVarsInLog = 0;
		};
		3A55F719291C3B3A703B0772 /* [CP] Check Pods Manifest.lock */ = {
			isa = PBXShellScriptBuildPhase;
			buildActionMask = 2147483647;
			files = (
			);
			inputPaths = (
			);
			name = "[CP] Check Pods Manifest.lock";
			outputPaths = (
			);
			runOnlyForDeploymentPostprocessing = 0;
			shellPath = /bin/sh;
			shellScript = "diff \"${PODS_ROOT}/../Podfile.lock\" \"${PODS_ROOT}/Manifest.lock\" > /dev/null\nif [ $? != 0 ] ; then\n    # print error to STDERR\n    echo \"error: The sandbox is not in sync with the Podfile.lock. Run 'pod install' or update your CocoaPods installation.\" >&2\n    exit 1\nfi\n";
			showEnvVarsInLog = 0;
		};
		5461C1CBE55AED8BB211933D /* [CP] Check Pods Manifest.lock */ = {
			isa = PBXShellScriptBuildPhase;
			buildActionMask = 2147483647;
			files = (
			);
			inputPaths = (
			);
			name = "[CP] Check Pods Manifest.lock";
			outputPaths = (
			);
			runOnlyForDeploymentPostprocessing = 0;
			shellPath = /bin/sh;
			shellScript = "diff \"${PODS_ROOT}/../Podfile.lock\" \"${PODS_ROOT}/Manifest.lock\" > /dev/null\nif [ $? != 0 ] ; then\n    # print error to STDERR\n    echo \"error: The sandbox is not in sync with the Podfile.lock. Run 'pod install' or update your CocoaPods installation.\" >&2\n    exit 1\nfi\n";
			showEnvVarsInLog = 0;
		};
		97DBA18A08819E947437DC53 /* [CP] Embed Pods Frameworks */ = {
			isa = PBXShellScriptBuildPhase;
			buildActionMask = 2147483647;
			files = (
			);
			inputPaths = (
			);
			name = "[CP] Embed Pods Frameworks";
			outputPaths = (
			);
			runOnlyForDeploymentPostprocessing = 0;
			shellPath = /bin/sh;
			shellScript = "\"${SRCROOT}/Pods/Target Support Files/Pods-PocketMoviesTests/Pods-PocketMoviesTests-frameworks.sh\"\n";
			showEnvVarsInLog = 0;
		};
		AD222D27F3F4AF6905B98FE6 /* [CP] Copy Pods Resources */ = {
			isa = PBXShellScriptBuildPhase;
			buildActionMask = 2147483647;
			files = (
			);
			inputPaths = (
			);
			name = "[CP] Copy Pods Resources";
			outputPaths = (
			);
			runOnlyForDeploymentPostprocessing = 0;
			shellPath = /bin/sh;
			shellScript = "\"${SRCROOT}/Pods/Target Support Files/Pods-PocketMoviesTests/Pods-PocketMoviesTests-resources.sh\"\n";
			showEnvVarsInLog = 0;
		};
/* End PBXShellScriptBuildPhase section */

/* Begin PBXSourcesBuildPhase section */
		0496581D21BEFC7C00CD0146 /* Sources */ = {
			isa = PBXSourcesBuildPhase;
			buildActionMask = 2147483647;
			files = (
				0496582721BEFC7C00CD0146 /* ViewController.swift in Sources */,
				0496582521BEFC7C00CD0146 /* AppDelegate.swift in Sources */,
			);
			runOnlyForDeploymentPostprocessing = 0;
		};
		0496583121BEFC7D00CD0146 /* Sources */ = {
			isa = PBXSourcesBuildPhase;
			buildActionMask = 2147483647;
			files = (
				0496583A21BEFC7D00CD0146 /* PocketMoviesTests.swift in Sources */,
			);
			runOnlyForDeploymentPostprocessing = 0;
		};
/* End PBXSourcesBuildPhase section */

/* Begin PBXTargetDependency section */
		0496583721BEFC7D00CD0146 /* PBXTargetDependency */ = {
			isa = PBXTargetDependency;
			target = 0496582021BEFC7C00CD0146 /* PocketMovies */;
			targetProxy = 0496583621BEFC7D00CD0146 /* PBXContainerItemProxy */;
		};
/* End PBXTargetDependency section */

/* Begin PBXVariantGroup section */
		0496582821BEFC7C00CD0146 /* Main.storyboard */ = {
			isa = PBXVariantGroup;
			children = (
				0496582921BEFC7C00CD0146 /* Base */,
			);
			name = Main.storyboard;
			sourceTree = "<group>";
		};
		0496582D21BEFC7D00CD0146 /* LaunchScreen.storyboard */ = {
			isa = PBXVariantGroup;
			children = (
				0496582E21BEFC7D00CD0146 /* Base */,
			);
			name = LaunchScreen.storyboard;
			sourceTree = "<group>";
		};
/* End PBXVariantGroup section */

/* Begin XCBuildConfiguration section */
		0496583C21BEFC7D00CD0146 /* Debug */ = {
			isa = XCBuildConfiguration;
			buildSettings = {
				ALWAYS_SEARCH_USER_PATHS = NO;
				CLANG_ANALYZER_NONNULL = YES;
				CLANG_ANALYZER_NUMBER_OBJECT_CONVERSION = YES_AGGRESSIVE;
				CLANG_CXX_LANGUAGE_STANDARD = "gnu++14";
				CLANG_CXX_LIBRARY = "libc++";
				CLANG_ENABLE_MODULES = YES;
				CLANG_ENABLE_OBJC_ARC = YES;
				CLANG_ENABLE_OBJC_WEAK = YES;
				CLANG_WARN_BLOCK_CAPTURE_AUTORELEASING = YES;
				CLANG_WARN_BOOL_CONVERSION = YES;
				CLANG_WARN_COMMA = YES;
				CLANG_WARN_CONSTANT_CONVERSION = YES;
				CLANG_WARN_DEPRECATED_OBJC_IMPLEMENTATIONS = YES;
				CLANG_WARN_DIRECT_OBJC_ISA_USAGE = YES_ERROR;
				CLANG_WARN_DOCUMENTATION_COMMENTS = YES;
				CLANG_WARN_EMPTY_BODY = YES;
				CLANG_WARN_ENUM_CONVERSION = YES;
				CLANG_WARN_INFINITE_RECURSION = YES;
				CLANG_WARN_INT_CONVERSION = YES;
				CLANG_WARN_NON_LITERAL_NULL_CONVERSION = YES;
				CLANG_WARN_OBJC_IMPLICIT_RETAIN_SELF = YES;
				CLANG_WARN_OBJC_LITERAL_CONVERSION = YES;
				CLANG_WARN_OBJC_ROOT_CLASS = YES_ERROR;
				CLANG_WARN_RANGE_LOOP_ANALYSIS = YES;
				CLANG_WARN_STRICT_PROTOTYPES = YES;
				CLANG_WARN_SUSPICIOUS_MOVE = YES;
				CLANG_WARN_UNGUARDED_AVAILABILITY = YES_AGGRESSIVE;
				CLANG_WARN_UNREACHABLE_CODE = YES;
				CLANG_WARN__DUPLICATE_METHOD_MATCH = YES;
				CODE_SIGN_IDENTITY = "iPhone Developer";
				COPY_PHASE_STRIP = NO;
				DEBUG_INFORMATION_FORMAT = dwarf;
				ENABLE_STRICT_OBJC_MSGSEND = YES;
				ENABLE_TESTABILITY = YES;
				GCC_C_LANGUAGE_STANDARD = gnu11;
				GCC_DYNAMIC_NO_PIC = NO;
				GCC_NO_COMMON_BLOCKS = YES;
				GCC_OPTIMIZATION_LEVEL = 0;
				GCC_PREPROCESSOR_DEFINITIONS = (
					"DEBUG=1",
					"$(inherited)",
				);
				GCC_WARN_64_TO_32_BIT_CONVERSION = YES;
				GCC_WARN_ABOUT_RETURN_TYPE = YES_ERROR;
				GCC_WARN_UNDECLARED_SELECTOR = YES;
				GCC_WARN_UNINITIALIZED_AUTOS = YES_AGGRESSIVE;
				GCC_WARN_UNUSED_FUNCTION = YES;
				GCC_WARN_UNUSED_VARIABLE = YES;
				IPHONEOS_DEPLOYMENT_TARGET = 12.1;
				MTL_ENABLE_DEBUG_INFO = INCLUDE_SOURCE;
				MTL_FAST_MATH = YES;
				ONLY_ACTIVE_ARCH = YES;
				SDKROOT = iphoneos;
				SWIFT_ACTIVE_COMPILATION_CONDITIONS = DEBUG;
				SWIFT_OPTIMIZATION_LEVEL = "-Onone";
			};
			name = Debug;
		};
		0496583D21BEFC7D00CD0146 /* Release */ = {
			isa = XCBuildConfiguration;
			buildSettings = {
				ALWAYS_SEARCH_USER_PATHS = NO;
				CLANG_ANALYZER_NONNULL = YES;
				CLANG_ANALYZER_NUMBER_OBJECT_CONVERSION = YES_AGGRESSIVE;
				CLANG_CXX_LANGUAGE_STANDARD = "gnu++14";
				CLANG_CXX_LIBRARY = "libc++";
				CLANG_ENABLE_MODULES = YES;
				CLANG_ENABLE_OBJC_ARC = YES;
				CLANG_ENABLE_OBJC_WEAK = YES;
				CLANG_WARN_BLOCK_CAPTURE_AUTORELEASING = YES;
				CLANG_WARN_BOOL_CONVERSION = YES;
				CLANG_WARN_COMMA = YES;
				CLANG_WARN_CONSTANT_CONVERSION = YES;
				CLANG_WARN_DEPRECATED_OBJC_IMPLEMENTATIONS = YES;
				CLANG_WARN_DIRECT_OBJC_ISA_USAGE = YES_ERROR;
				CLANG_WARN_DOCUMENTATION_COMMENTS = YES;
				CLANG_WARN_EMPTY_BODY = YES;
				CLANG_WARN_ENUM_CONVERSION = YES;
				CLANG_WARN_INFINITE_RECURSION = YES;
				CLANG_WARN_INT_CONVERSION = YES;
				CLANG_WARN_NON_LITERAL_NULL_CONVERSION = YES;
				CLANG_WARN_OBJC_IMPLICIT_RETAIN_SELF = YES;
				CLANG_WARN_OBJC_LITERAL_CONVERSION = YES;
				CLANG_WARN_OBJC_ROOT_CLASS = YES_ERROR;
				CLANG_WARN_RANGE_LOOP_ANALYSIS = YES;
				CLANG_WARN_STRICT_PROTOTYPES = YES;
				CLANG_WARN_SUSPICIOUS_MOVE = YES;
				CLANG_WARN_UNGUARDED_AVAILABILITY = YES_AGGRESSIVE;
				CLANG_WARN_UNREACHABLE_CODE = YES;
				CLANG_WARN__DUPLICATE_METHOD_MATCH = YES;
				CODE_SIGN_IDENTITY = "iPhone Developer";
				COPY_PHASE_STRIP = NO;
				DEBUG_INFORMATION_FORMAT = "dwarf-with-dsym";
				ENABLE_NS_ASSERTIONS = NO;
				ENABLE_STRICT_OBJC_MSGSEND = YES;
				GCC_C_LANGUAGE_STANDARD = gnu11;
				GCC_NO_COMMON_BLOCKS = YES;
				GCC_WARN_64_TO_32_BIT_CONVERSION = YES;
				GCC_WARN_ABOUT_RETURN_TYPE = YES_ERROR;
				GCC_WARN_UNDECLARED_SELECTOR = YES;
				GCC_WARN_UNINITIALIZED_AUTOS = YES_AGGRESSIVE;
				GCC_WARN_UNUSED_FUNCTION = YES;
				GCC_WARN_UNUSED_VARIABLE = YES;
				IPHONEOS_DEPLOYMENT_TARGET = 12.1;
				MTL_ENABLE_DEBUG_INFO = NO;
				MTL_FAST_MATH = YES;
				SDKROOT = iphoneos;
				SWIFT_COMPILATION_MODE = wholemodule;
				SWIFT_OPTIMIZATION_LEVEL = "-O";
				VALIDATE_PRODUCT = YES;
			};
			name = Release;
		};
		0496583F21BEFC7D00CD0146 /* Debug */ = {
			isa = XCBuildConfiguration;
			baseConfigurationReference = 9059EB9D79B7F5B042638D62 /* Pods-PocketMovies.debug.xcconfig */;
			buildSettings = {
				ASSETCATALOG_COMPILER_APPICON_NAME = AppIcon;
				CODE_SIGN_STYLE = Automatic;
				DEVELOPMENT_TEAM = UJSU72ZSSJ;
				INFOPLIST_FILE = PocketMovies/Info.plist;
				LD_RUNPATH_SEARCH_PATHS = "$(inherited) @executable_path/Frameworks";
				PRODUCT_BUNDLE_IDENTIFIER = br.com.gabe.PocketMovies;
				PRODUCT_NAME = "$(TARGET_NAME)";
				SWIFT_VERSION = 4.2;
				TARGETED_DEVICE_FAMILY = "1,2";
			};
			name = Debug;
		};
		0496584021BEFC7D00CD0146 /* Release */ = {
			isa = XCBuildConfiguration;
			baseConfigurationReference = AC8BF887CEDA38A25A000473 /* Pods-PocketMovies.release.xcconfig */;
			buildSettings = {
				ASSETCATALOG_COMPILER_APPICON_NAME = AppIcon;
				CODE_SIGN_STYLE = Automatic;
				DEVELOPMENT_TEAM = UJSU72ZSSJ;
				INFOPLIST_FILE = PocketMovies/Info.plist;
				LD_RUNPATH_SEARCH_PATHS = "$(inherited) @executable_path/Frameworks";
				PRODUCT_BUNDLE_IDENTIFIER = br.com.gabe.PocketMovies;
				PRODUCT_NAME = "$(TARGET_NAME)";
				SWIFT_VERSION = 4.2;
				TARGETED_DEVICE_FAMILY = "1,2";
			};
			name = Release;
		};
		0496584221BEFC7D00CD0146 /* Debug */ = {
			isa = XCBuildConfiguration;
			baseConfigurationReference = 7586715EEF7DEFD76E1C4B36 /* Pods-PocketMoviesTests.debug.xcconfig */;
			buildSettings = {
				ALWAYS_EMBED_SWIFT_STANDARD_LIBRARIES = YES;
				BUNDLE_LOADER = "$(TEST_HOST)";
				CODE_SIGN_STYLE = Automatic;
				DEVELOPMENT_TEAM = UJSU72ZSSJ;
				INFOPLIST_FILE = PocketMoviesTests/Info.plist;
				LD_RUNPATH_SEARCH_PATHS = "$(inherited) @executable_path/Frameworks @loader_path/Frameworks";
				PRODUCT_BUNDLE_IDENTIFIER = br.com.gabe.PocketMoviesTests;
				PRODUCT_NAME = "$(TARGET_NAME)";
				SWIFT_VERSION = 4.2;
				TARGETED_DEVICE_FAMILY = "1,2";
				TEST_HOST = "$(BUILT_PRODUCTS_DIR)/PocketMovies.app/PocketMovies";
			};
			name = Debug;
		};
		0496584321BEFC7D00CD0146 /* Release */ = {
			isa = XCBuildConfiguration;
			baseConfigurationReference = F8FF86A6C7516DC75D3F626F /* Pods-PocketMoviesTests.release.xcconfig */;
			buildSettings = {
				ALWAYS_EMBED_SWIFT_STANDARD_LIBRARIES = YES;
				BUNDLE_LOADER = "$(TEST_HOST)";
				CODE_SIGN_STYLE = Automatic;
				DEVELOPMENT_TEAM = UJSU72ZSSJ;
				INFOPLIST_FILE = PocketMoviesTests/Info.plist;
				LD_RUNPATH_SEARCH_PATHS = "$(inherited) @executable_path/Frameworks @loader_path/Frameworks";
				PRODUCT_BUNDLE_IDENTIFIER = br.com.gabe.PocketMoviesTests;
				PRODUCT_NAME = "$(TARGET_NAME)";
				SWIFT_VERSION = 4.2;
				TARGETED_DEVICE_FAMILY = "1,2";
				TEST_HOST = "$(BUILT_PRODUCTS_DIR)/PocketMovies.app/PocketMovies";
			};
			name = Release;
		};
/* End XCBuildConfiguration section */

/* Begin XCConfigurationList section */
		0496581C21BEFC7C00CD0146 /* Build configuration list for PBXProject "PocketMovies" */ = {
			isa = XCConfigurationList;
			buildConfigurations = (
				0496583C21BEFC7D00CD0146 /* Debug */,
				0496583D21BEFC7D00CD0146 /* Release */,
			);
			defaultConfigurationIsVisible = 0;
			defaultConfigurationName = Release;
		};
		0496583E21BEFC7D00CD0146 /* Build configuration list for PBXNativeTarget "PocketMovies" */ = {
			isa = XCConfigurationList;
			buildConfigurations = (
				0496583F21BEFC7D00CD0146 /* Debug */,
				0496584021BEFC7D00CD0146 /* Release */,
			);
			defaultConfigurationIsVisible = 0;
			defaultConfigurationName = Release;
		};
		0496584121BEFC7D00CD0146 /* Build configuration list for PBXNativeTarget "PocketMoviesTests" */ = {
			isa = XCConfigurationList;
			buildConfigurations = (
				0496584221BEFC7D00CD0146 /* Debug */,
				0496584321BEFC7D00CD0146 /* Release */,
			);
			defaultConfigurationIsVisible = 0;
			defaultConfigurationName = Release;
		};
/* End XCConfigurationList section */
	};
	rootObject = 0496581921BEFC7C00CD0146 /* Project object */;
}
